
Microsoft Visual Studio Solution File, Format Version 12.00
# Visual Studio Version 17
VisualStudioVersion = 17.3.32708.82
MinimumVisualStudioVersion = 10.0.40219.1
Project("{FAE04EC0-301F-11D3-BF4B-00C04F79EFBC}") = "MonkeyFinder.Mobile", "MonkeyFinder.Mobile\MonkeyFinder.Mobile.csproj", "{E2EABD1E-B206-4810-802F-7EED155E21DE}"
EndProject
Global
	GlobalSection(SolutionConfigurationPlatforms) = preSolution
		Debug|Any CPU = Debug|Any CPU
		Release|Any CPU = Release|Any CPU
	EndGlobalSection
	GlobalSection(ProjectConfigurationPlatforms) = postSolution
		{E2EABD1E-B206-4810-802F-7EED155E21DE}.Debug|Any CPU.ActiveCfg = Debug|Any CPU
		{E2EABD1E-B206-4810-802F-7EED155E21DE}.Debug|Any CPU.Build.0 = Debug|Any CPU
		{E2EABD1E-B206-4810-802F-7EED155E21DE}.Debug|Any CPU.Deploy.0 = Debug|Any CPU
		{E2EABD1E-B206-4810-802F-7EED155E21DE}.Release|Any CPU.ActiveCfg = Release|Any CPU
		{E2EABD1E-B206-4810-802F-7EED155E21DE}.Release|Any CPU.Build.0 = Release|Any CPU
		{E2EABD1E-B206-4810-802F-7EED155E21DE}.Release|Any CPU.Deploy.0 = Release|Any CPU
	EndGlobalSection
	GlobalSection(SolutionProperties) = preSolution
		HideSolutionNode = FALSE
	EndGlobalSection
	GlobalSection(ExtensibilityGlobals) = postSolution
		SolutionGuid = {23B008D9-9B31-400D-902A-82DCE9482FCE}
	EndGlobalSection
EndGlobal
